
Microsoft Visual Studio Solution File, Format Version 12.00
# Visual Studio Version 16
VisualStudioVersion = 16.0.29613.14
MinimumVisualStudioVersion = 10.0.40219.1
Project("{FAE04EC0-301F-11D3-BF4B-00C04F79EFBC}") = "eShopSolution.WebApp", "eShopSolution.WebApp\eShopSolution.WebApp.csproj", "{08B7A43A-0DC4-4447-8815-1E7DE58DF284}"
EndProject
Global
	GlobalSection(SolutionConfigurationPlatforms) = preSolution
		Debug|Any CPU = Debug|Any CPU
		Release|Any CPU = Release|Any CPU
	EndGlobalSection
	GlobalSection(ProjectConfigurationPlatforms) = postSolution
		{08B7A43A-0DC4-4447-8815-1E7DE58DF284}.Debug|Any CPU.ActiveCfg = Debug|Any CPU
		{08B7A43A-0DC4-4447-8815-1E7DE58DF284}.Debug|Any CPU.Build.0 = Debug|Any CPU
		{08B7A43A-0DC4-4447-8815-1E7DE58DF284}.Release|Any CPU.ActiveCfg = Release|Any CPU
		{08B7A43A-0DC4-4447-8815-1E7DE58DF284}.Release|Any CPU.Build.0 = Release|Any CPU
	EndGlobalSection
	GlobalSection(SolutionProperties) = preSolution
		HideSolutionNode = FALSE
	EndGlobalSection
	GlobalSection(ExtensibilityGlobals) = postSolution
		SolutionGuid = {1D142CF5-9946-4BFF-A9A3-6D74B0F57ABB}
	EndGlobalSection
EndGlobal
